{
  "requires": true,
  "lockfileVersion": 1,
  "dependencies": {
    "@coreui/coreui": {
      "version": "4.0.0-rc.4",
      "resolved": "https://registry.npmjs.org/@coreui/coreui/-/coreui-4.0.0-rc.4.tgz",
      "integrity": "sha512-BgjQNSZm18umZsBAIfmIvrf7gLse+wv58vNRLPlbXGD2t0Dk7jIpOvB4krlxLBrsSeZS7Yoefg+2RBKbskKDtw=="
    }
  }
}
